<?xml version="1.0" encoding="UTF-8"?>
<Scheme
   LastUpgradeVersion = "2660"
   version = "1.3">
   <BuildAction
      parallelizeBuildables = "YES"
      buildImplicitDependencies = "YES">
      <BuildActionEntries>
         <BuildActionEntry
            buildForTesting = "YES"
            buildForRunning = "YES"
            buildForProfiling = "YES"
            buildForArchiving = "NO"
            buildForAnalyzing = "NO">
            <BuildableReference
               BuildableIdentifier = "primary"
               BlueprintIdentifier = "A00000000000000000000001"
               BuildableName = "LatticeLens.app"
               BlueprintName = "LatticeLens"
               ReferencedContainer = "container:LatticeLens.xcodeproj">
            </BuildableReference>
         </BuildActionEntry>
      </BuildActionEntries>
   </BuildAction>
   <TestAction
      buildConfiguration = "UIFixture"
      selectedDebuggerIdentifier = ""
      selectedLauncherIdentifier = "Xcode.IDEFoundation.Launcher.PosixSpawn"
      shouldUseLaunchSchemeArgsEnv = "YES">
      <EnvironmentVariables>
         <EnvironmentVariable
            key = "LATTICELENS_USE_FIXTURES"
            value = "1"
            isEnabled = "YES">
         </EnvironmentVariable>
         <EnvironmentVariable
            key = "LATTICELENS_UI_TEST"
            value = "1"
            isEnabled = "YES">
         </EnvironmentVariable>
         <EnvironmentVariable
            key = "LATTICELENS_FIXTURE_CACHE_ROOT"
            value = "$(PROJECT_DIR)"
            isEnabled = "YES">
         </EnvironmentVariable>
         <EnvironmentVariable
            key = "LATTICELENS_TEST_STORE_ROOT"
            value = "$(PROJECT_DIR)/.codex-task-tmp-v5-xcode-ui-fixture-store"
            isEnabled = "YES">
         </EnvironmentVariable>
      </EnvironmentVariables>
      <Testables>
         <TestableReference
            skipped = "NO">
            <BuildableReference
               BuildableIdentifier = "primary"
               BlueprintIdentifier = "A00000000000000000000003"
               BuildableName = "LatticeLensUITests.xctest"
               BlueprintName = "LatticeLensUITests"
               ReferencedContainer = "container:LatticeLens.xcodeproj">
            </BuildableReference>
         </TestableReference>
      </Testables>
   </TestAction>
   <LaunchAction
      buildConfiguration = "UIFixture"
      selectedDebuggerIdentifier = "Xcode.DebuggerFoundation.Debugger.LLDB"
      selectedLauncherIdentifier = "Xcode.DebuggerFoundation.Launcher.LLDB"
      launchStyle = "0"
      useCustomWorkingDirectory = "NO"
      ignoresPersistentStateOnLaunch = "YES"
      debugDocumentVersioning = "YES"
      debugServiceExtension = "internal"
      allowLocationSimulation = "YES">
      <BuildableProductRunnable
         runnableDebuggingMode = "0">
         <BuildableReference
            BuildableIdentifier = "primary"
            BlueprintIdentifier = "A00000000000000000000001"
            BuildableName = "LatticeLens.app"
            BlueprintName = "LatticeLens"
            ReferencedContainer = "container:LatticeLens.xcodeproj">
         </BuildableReference>
      </BuildableProductRunnable>
      <EnvironmentVariables>
         <EnvironmentVariable
            key = "LATTICELENS_USE_FIXTURES"
            value = "1"
            isEnabled = "YES">
         </EnvironmentVariable>
         <EnvironmentVariable
            key = "LATTICELENS_UI_TEST"
            value = "1"
            isEnabled = "YES">
         </EnvironmentVariable>
         <EnvironmentVariable
            key = "LATTICELENS_FIXTURE_CACHE_ROOT"
            value = "$(PROJECT_DIR)"
            isEnabled = "YES">
         </EnvironmentVariable>
         <EnvironmentVariable
            key = "LATTICELENS_TEST_STORE_ROOT"
            value = "$(PROJECT_DIR)/.codex-task-tmp-v5-xcode-ui-fixture-store"
            isEnabled = "YES">
         </EnvironmentVariable>
      </EnvironmentVariables>
   </LaunchAction>
   <ProfileAction
      buildConfiguration = "Release"
      shouldUseLaunchSchemeArgsEnv = "YES"
      savedToolIdentifier = ""
      useCustomWorkingDirectory = "NO"
      debugDocumentVersioning = "YES">
      <BuildableProductRunnable
         runnableDebuggingMode = "0">
         <BuildableReference
            BuildableIdentifier = "primary"
            BlueprintIdentifier = "A00000000000000000000001"
            BuildableName = "LatticeLens.app"
            BlueprintName = "LatticeLens"
            ReferencedContainer = "container:LatticeLens.xcodeproj">
         </BuildableReference>
      </BuildableProductRunnable>
   </ProfileAction>
   <AnalyzeAction
      buildConfiguration = "Debug">
   </AnalyzeAction>
   <ArchiveAction
      buildConfiguration = "Release"
      revealArchiveInOrganizer = "NO">
   </ArchiveAction>
</Scheme>
